
Microsoft Visual Studio Solution File, Format Version 12.00
# Visual Studio Version 17
VisualStudioVersion = 17.0.31903.59
MinimumVisualStudioVersion = 10.0.40219.1
Project("{2150E333-8FDC-42A3-9474-1A3956D46DE8}") = "src", "src", "{827E0CD3-B72D-47B6-A68D-7590B98EB39B}"
EndProject
Project("{FAE04EC0-301F-11D3-BF4B-00C04F79EFBC}") = "CRS.Domain", "src\CRS.Domain\CRS.Domain.csproj", "{AA8062F2-2E45-49B9-A114-7D16C065CC2B}"
EndProject
Project("{FAE04EC0-301F-11D3-BF4B-00C04F79EFBC}") = "CRS.Application", "src\CRS.Application\CRS.Application.csproj", "{66D7BABF-0C72-4D87-AB4C-EA125DD530A0}"
EndProject
Project("{FAE04EC0-301F-11D3-BF4B-00C04F79EFBC}") = "CRS.Infrastructure", "src\CRS.Infrastructure\CRS.Infrastructure.csproj", "{D03E7451-C9D5-4E7D-B41F-762C117A94FC}"
EndProject
Project("{FAE04EC0-301F-11D3-BF4B-00C04F79EFBC}") = "CRS.Desktop.Wpf", "src\CRS.Desktop.Wpf\CRS.Desktop.Wpf.csproj", "{76C268EE-ABF5-4150-9AD1-F90D732EB2B5}"
EndProject
Project("{2150E333-8FDC-42A3-9474-1A3956D46DE8}") = "tests", "tests", "{0AB3BF05-4346-4AA6-1389-037BE0695223}"
EndProject
Project("{FAE04EC0-301F-11D3-BF4B-00C04F79EFBC}") = "CRS.Tests.Verification", "tests\CRS.Tests.Verification\CRS.Tests.Verification.csproj", "{CE48F222-50D0-4011-881E-5657DA2BC39E}"
EndProject
Project("{FAE04EC0-301F-11D3-BF4B-00C04F79EFBC}") = "CRS.Tests.Domain", "tests\CRS.Tests.Domain\CRS.Tests.Domain.csproj", "{53A4A6EE-512D-4D36-9DC5-EAAA5569FEB6}"
EndProject
Project("{FAE04EC0-301F-11D3-BF4B-00C04F79EFBC}") = "CRS.Tests.Application", "tests\CRS.Tests.Application\CRS.Tests.Application.csproj", "{60CD92BD-F13B-4827-AF63-C9C98CDC790C}"
EndProject
Project("{FAE04EC0-301F-11D3-BF4B-00C04F79EFBC}") = "CRS.Tests.Infrastructure", "tests\CRS.Tests.Infrastructure\CRS.Tests.Infrastructure.csproj", "{5F0A2095-D1AB-4AA2-9C9C-ED2B1EF65DF9}"
EndProject
Project("{FAE04EC0-301F-11D3-BF4B-00C04F79EFBC}") = "CRS.Tests.Wpf", "tests\CRS.Tests.Wpf\CRS.Tests.Wpf.csproj", "{B99F71A1-A012-4F29-9D82-6A7E76C34DBA}"
EndProject
Global
	GlobalSection(SolutionConfigurationPlatforms) = preSolution
		Debug|Any CPU = Debug|Any CPU
		Debug|x64 = Debug|x64
		Debug|x86 = Debug|x86
		Release|Any CPU = Release|Any CPU
		Release|x64 = Release|x64
		Release|x86 = Release|x86
	EndGlobalSection
	GlobalSection(ProjectConfigurationPlatforms) = postSolution
		{AA8062F2-2E45-49B9-A114-7D16C065CC2B}.Debug|Any CPU.ActiveCfg = Debug|Any CPU
		{AA8062F2-2E45-49B9-A114-7D16C065CC2B}.Debug|Any CPU.Build.0 = Debug|Any CPU
		{AA8062F2-2E45-49B9-A114-7D16C065CC2B}.Debug|x64.ActiveCfg = Debug|Any CPU
		{AA8062F2-2E45-49B9-A114-7D16C065CC2B}.Debug|x64.Build.0 = Debug|Any CPU
		{AA8062F2-2E45-49B9-A114-7D16C065CC2B}.Debug|x86.ActiveCfg = Debug|Any CPU
		{AA8062F2-2E45-49B9-A114-7D16C065CC2B}.Debug|x86.Build.0 = Debug|Any CPU
		{AA8062F2-2E45-49B9-A114-7D16C065CC2B}.Release|Any CPU.ActiveCfg = Release|Any CPU
		{AA8062F2-2E45-49B9-A114-7D16C065CC2B}.Release|Any CPU.Build.0 = Release|Any CPU
		{AA8062F2-2E45-49B9-A114-7D16C065CC2B}.Release|x64.ActiveCfg = Release|Any CPU
		{AA8062F2-2E45-49B9-A114-7D16C065CC2B}.Release|x64.Build.0 = Release|Any CPU
		{AA8062F2-2E45-49B9-A114-7D16C065CC2B}.Release|x86.ActiveCfg = Release|Any CPU
		{AA8062F2-2E45-49B9-A114-7D16C065CC2B}.Release|x86.Build.0 = Release|Any CPU
		{66D7BABF-0C72-4D87-AB4C-EA125DD530A0}.Debug|Any CPU.ActiveCfg = Debug|Any CPU
		{66D7BABF-0C72-4D87-AB4C-EA125DD530A0}.Debug|Any CPU.Build.0 = Debug|Any CPU
		{66D7BABF-0C72-4D87-AB4C-EA125DD530A0}.Debug|x64.ActiveCfg = Debug|Any CPU
		{66D7BABF-0C72-4D87-AB4C-EA125DD530A0}.Debug|x64.Build.0 = Debug|Any CPU
		{66D7BABF-0C72-4D87-AB4C-EA125DD530A0}.Debug|x86.ActiveCfg = Debug|Any CPU
		{66D7BABF-0C72-4D87-AB4C-EA125DD530A0}.Debug|x86.Build.0 = Debug|Any CPU
		{66D7BABF-0C72-4D87-AB4C-EA125DD530A0}.Release|Any CPU.ActiveCfg = Release|Any CPU
		{66D7BABF-0C72-4D87-AB4C-EA125DD530A0}.Release|Any CPU.Build.0 = Release|Any CPU
		{66D7BABF-0C72-4D87-AB4C-EA125DD530A0}.Release|x64.ActiveCfg = Release|Any CPU
		{66D7BABF-0C72-4D87-AB4C-EA125DD530A0}.Release|x64.Build.0 = Release|Any CPU
		{66D7BABF-0C72-4D87-AB4C-EA125DD530A0}.Release|x86.ActiveCfg = Release|Any CPU
		{66D7BABF-0C72-4D87-AB4C-EA125DD530A0}.Release|x86.Build.0 = Release|Any CPU
		{D03E7451-C9D5-4E7D-B41F-762C117A94FC}.Debug|Any CPU.ActiveCfg = Debug|Any CPU
		{D03E7451-C9D5-4E7D-B41F-762C117A94FC}.Debug|Any CPU.Build.0 = Debug|Any CPU
		{D03E7451-C9D5-4E7D-B41F-762C117A94FC}.Debug|x64.ActiveCfg = Debug|Any CPU
		{D03E7451-C9D5-4E7D-B41F-762C117A94FC}.Debug|x64.Build.0 = Debug|Any CPU
		{D03E7451-C9D5-4E7D-B41F-762C117A94FC}.Debug|x86.ActiveCfg = Debug|Any CPU
		{D03E7451-C9D5-4E7D-B41F-762C117A94FC}.Debug|x86.Build.0 = Debug|Any CPU
		{D03E7451-C9D5-4E7D-B41F-762C117A94FC}.Release|Any CPU.ActiveCfg = Release|Any CPU
		{D03E7451-C9D5-4E7D-B41F-762C117A94FC}.Release|Any CPU.Build.0 = Release|Any CPU
		{D03E7451-C9D5-4E7D-B41F-762C117A94FC}.Release|x64.ActiveCfg = Release|Any CPU
		{D03E7451-C9D5-4E7D-B41F-762C117A94FC}.Release|x64.Build.0 = Release|Any CPU
		{D03E7451-C9D5-4E7D-B41F-762C117A94FC}.Release|x86.ActiveCfg = Release|Any CPU
		{D03E7451-C9D5-4E7D-B41F-762C117A94FC}.Release|x86.Build.0 = Release|Any CPU
		{76C268EE-ABF5-4150-9AD1-F90D732EB2B5}.Debug|Any CPU.ActiveCfg = Debug|Any CPU
		{76C268EE-ABF5-4150-9AD1-F90D732EB2B5}.Debug|Any CPU.Build.0 = Debug|Any CPU
		{76C268EE-ABF5-4150-9AD1-F90D732EB2B5}.Debug|x64.ActiveCfg = Debug|Any CPU
		{76C268EE-ABF5-4150-9AD1-F90D732EB2B5}.Debug|x64.Build.0 = Debug|Any CPU
		{76C268EE-ABF5-4150-9AD1-F90D732EB2B5}.Debug|x86.ActiveCfg = Debug|Any CPU
		{76C268EE-ABF5-4150-9AD1-F90D732EB2B5}.Debug|x86.Build.0 = Debug|Any CPU
		{76C268EE-ABF5-4150-9AD1-F90D732EB2B5}.Release|Any CPU.ActiveCfg = Release|Any CPU
		{76C268EE-ABF5-4150-9AD1-F90D732EB2B5}.Release|Any CPU.Build.0 = Release|Any CPU
		{76C268EE-ABF5-4150-9AD1-F90D732EB2B5}.Release|x64.ActiveCfg = Release|Any CPU
		{76C268EE-ABF5-4150-9AD1-F90D732EB2B5}.Release|x64.Build.0 = Release|Any CPU
		{76C268EE-ABF5-4150-9AD1-F90D732EB2B5}.Release|x86.ActiveCfg = Release|Any CPU
		{76C268EE-ABF5-4150-9AD1-F90D732EB2B5}.Release|x86.Build.0 = Release|Any CPU
		{CE48F222-50D0-4011-881E-5657DA2BC39E}.Debug|Any CPU.ActiveCfg = Debug|Any CPU
		{CE48F222-50D0-4011-881E-5657DA2BC39E}.Debug|Any CPU.Build.0 = Debug|Any CPU
		{CE48F222-50D0-4011-881E-5657DA2BC39E}.Debug|x64.ActiveCfg = Debug|Any CPU
		{CE48F222-50D0-4011-881E-5657DA2BC39E}.Debug|x64.Build.0 = Debug|Any CPU
		{CE48F222-50D0-4011-881E-5657DA2BC39E}.Debug|x86.ActiveCfg = Debug|Any CPU
		{CE48F222-50D0-4011-881E-5657DA2BC39E}.Debug|x86.Build.0 = Debug|Any CPU
		{CE48F222-50D0-4011-881E-5657DA2BC39E}.Release|Any CPU.ActiveCfg = Release|Any CPU
		{CE48F222-50D0-4011-881E-5657DA2BC39E}.Release|Any CPU.Build.0 = Release|Any CPU
		{CE48F222-50D0-4011-881E-5657DA2BC39E}.Release|x64.ActiveCfg = Release|Any CPU
		{CE48F222-50D0-4011-881E-5657DA2BC39E}.Release|x64.Build.0 = Release|Any CPU
		{CE48F222-50D0-4011-881E-5657DA2BC39E}.Release|x86.ActiveCfg = Release|Any CPU
		{CE48F222-50D0-4011-881E-5657DA2BC39E}.Release|x86.Build.0 = Release|Any CPU
		{53A4A6EE-512D-4D36-9DC5-EAAA5569FEB6}.Debug|Any CPU.ActiveCfg = Debug|Any CPU
		{53A4A6EE-512D-4D36-9DC5-EAAA5569FEB6}.Debug|Any CPU.Build.0 = Debug|Any CPU
		{53A4A6EE-512D-4D36-9DC5-EAAA5569FEB6}.Debug|x64.ActiveCfg = Debug|Any CPU
		{53A4A6EE-512D-4D36-9DC5-EAAA5569FEB6}.Debug|x64.Build.0 = Debug|Any CPU
		{53A4A6EE-512D-4D36-9DC5-EAAA5569FEB6}.Debug|x86.ActiveCfg = Debug|Any CPU
		{53A4A6EE-512D-4D36-9DC5-EAAA5569FEB6}.Debug|x86.Build.0 = Debug|Any CPU
		{53A4A6EE-512D-4D36-9DC5-EAAA5569FEB6}.Release|Any CPU.ActiveCfg = Release|Any CPU
		{53A4A6EE-512D-4D36-9DC5-EAAA5569FEB6}.Release|Any CPU.Build.0 = Release|Any CPU
		{53A4A6EE-512D-4D36-9DC5-EAAA5569FEB6}.Release|x64.ActiveCfg = Release|Any CPU
		{53A4A6EE-512D-4D36-9DC5-EAAA5569FEB6}.Release|x64.Build.0 = Release|Any CPU
		{53A4A6EE-512D-4D36-9DC5-EAAA5569FEB6}.Release|x86.ActiveCfg = Release|Any CPU
		{53A4A6EE-512D-4D36-9DC5-EAAA5569FEB6}.Release|x86.Build.0 = Release|Any CPU
		{60CD92BD-F13B-4827-AF63-C9C98CDC790C}.Debug|Any CPU.ActiveCfg = Debug|Any CPU
		{60CD92BD-F13B-4827-AF63-C9C98CDC790C}.Debug|Any CPU.Build.0 = Debug|Any CPU
		{60CD92BD-F13B-4827-AF63-C9C98CDC790C}.Debug|x64.ActiveCfg = Debug|Any CPU
		{60CD92BD-F13B-4827-AF63-C9C98CDC790C}.Debug|x64.Build.0 = Debug|Any CPU
		{60CD92BD-F13B-4827-AF63-C9C98CDC790C}.Debug|x86.ActiveCfg = Debug|Any CPU
		{60CD92BD-F13B-4827-AF63-C9C98CDC790C}.Debug|x86.Build.0 = Debug|Any CPU
		{60CD92BD-F13B-4827-AF63-C9C98CDC790C}.Release|Any CPU.ActiveCfg = Release|Any CPU
		{60CD92BD-F13B-4827-AF63-C9C98CDC790C}.Release|Any CPU.Build.0 = Release|Any CPU
		{60CD92BD-F13B-4827-AF63-C9C98CDC790C}.Release|x64.ActiveCfg = Release|Any CPU
		{60CD92BD-F13B-4827-AF63-C9C98CDC790C}.Release|x64.Build.0 = Release|Any CPU
		{60CD92BD-F13B-4827-AF63-C9C98CDC790C}.Release|x86.ActiveCfg = Release|Any CPU
		{60CD92BD-F13B-4827-AF63-C9C98CDC790C}.Release|x86.Build.0 = Release|Any CPU
		{5F0A2095-D1AB-4AA2-9C9C-ED2B1EF65DF9}.Debug|Any CPU.ActiveCfg = Debug|Any CPU
		{5F0A2095-D1AB-4AA2-9C9C-ED2B1EF65DF9}.Debug|Any CPU.Build.0 = Debug|Any CPU
		{5F0A2095-D1AB-4AA2-9C9C-ED2B1EF65DF9}.Debug|x64.ActiveCfg = Debug|Any CPU
		{5F0A2095-D1AB-4AA2-9C9C-ED2B1EF65DF9}.Debug|x64.Build.0 = Debug|Any CPU
		{5F0A2095-D1AB-4AA2-9C9C-ED2B1EF65DF9}.Debug|x86.ActiveCfg = Debug|Any CPU
		{5F0A2095-D1AB-4AA2-9C9C-ED2B1EF65DF9}.Debug|x86.Build.0 = Debug|Any CPU
		{5F0A2095-D1AB-4AA2-9C9C-ED2B1EF65DF9}.Release|Any CPU.ActiveCfg = Release|Any CPU
		{5F0A2095-D1AB-4AA2-9C9C-ED2B1EF65DF9}.Release|Any CPU.Build.0 = Release|Any CPU
		{5F0A2095-D1AB-4AA2-9C9C-ED2B1EF65DF9}.Release|x64.ActiveCfg = Release|Any CPU
		{5F0A2095-D1AB-4AA2-9C9C-ED2B1EF65DF9}.Release|x64.Build.0 = Release|Any CPU
		{5F0A2095-D1AB-4AA2-9C9C-ED2B1EF65DF9}.Release|x86.ActiveCfg = Release|Any CPU
		{5F0A2095-D1AB-4AA2-9C9C-ED2B1EF65DF9}.Release|x86.Build.0 = Release|Any CPU
		{B99F71A1-A012-4F29-9D82-6A7E76C34DBA}.Debug|Any CPU.ActiveCfg = Debug|Any CPU
		{B99F71A1-A012-4F29-9D82-6A7E76C34DBA}.Debug|Any CPU.Build.0 = Debug|Any CPU
		{B99F71A1-A012-4F29-9D82-6A7E76C34DBA}.Debug|x64.ActiveCfg = Debug|Any CPU
		{B99F71A1-A012-4F29-9D82-6A7E76C34DBA}.Debug|x64.Build.0 = Debug|Any CPU
		{B99F71A1-A012-4F29-9D82-6A7E76C34DBA}.Debug|x86.ActiveCfg = Debug|Any CPU
		{B99F71A1-A012-4F29-9D82-6A7E76C34DBA}.Debug|x86.Build.0 = Debug|Any CPU
		{B99F71A1-A012-4F29-9D82-6A7E76C34DBA}.Release|Any CPU.ActiveCfg = Release|Any CPU
		{B99F71A1-A012-4F29-9D82-6A7E76C34DBA}.Release|Any CPU.Build.0 = Release|Any CPU
		{B99F71A1-A012-4F29-9D82-6A7E76C34DBA}.Release|x64.ActiveCfg = Release|Any CPU
		{B99F71A1-A012-4F29-9D82-6A7E76C34DBA}.Release|x64.Build.0 = Release|Any CPU
		{B99F71A1-A012-4F29-9D82-6A7E76C34DBA}.Release|x86.ActiveCfg = Release|Any CPU
		{B99F71A1-A012-4F29-9D82-6A7E76C34DBA}.Release|x86.Build.0 = Release|Any CPU
	EndGlobalSection
	GlobalSection(SolutionProperties) = preSolution
		HideSolutionNode = FALSE
	EndGlobalSection
	GlobalSection(NestedProjects) = preSolution
		{AA8062F2-2E45-49B9-A114-7D16C065CC2B} = {827E0CD3-B72D-47B6-A68D-7590B98EB39B}
		{66D7BABF-0C72-4D87-AB4C-EA125DD530A0} = {827E0CD3-B72D-47B6-A68D-7590B98EB39B}
		{D03E7451-C9D5-4E7D-B41F-762C117A94FC} = {827E0CD3-B72D-47B6-A68D-7590B98EB39B}
		{76C268EE-ABF5-4150-9AD1-F90D732EB2B5} = {827E0CD3-B72D-47B6-A68D-7590B98EB39B}
		{CE48F222-50D0-4011-881E-5657DA2BC39E} = {0AB3BF05-4346-4AA6-1389-037BE0695223}
		{53A4A6EE-512D-4D36-9DC5-EAAA5569FEB6} = {0AB3BF05-4346-4AA6-1389-037BE0695223}
		{60CD92BD-F13B-4827-AF63-C9C98CDC790C} = {0AB3BF05-4346-4AA6-1389-037BE0695223}
		{5F0A2095-D1AB-4AA2-9C9C-ED2B1EF65DF9} = {0AB3BF05-4346-4AA6-1389-037BE0695223}
		{B99F71A1-A012-4F29-9D82-6A7E76C34DBA} = {0AB3BF05-4346-4AA6-1389-037BE0695223}
	EndGlobalSection
EndGlobal
