{
  "version": 2,
  "dependencies": {
    "net10.0-windows10.0.19041": {
      "BouncyCastle.Cryptography": {
        "type": "Transitive",
        "resolved": "2.6.2",
        "contentHash": "7oWOcvnntmMKNzDLsdxAYqApt+AjpRpP2CShjMfIa3umZ42UQMvH0tl1qAliYPNYO6vTdcGMqnRrCPmsfzTI1w=="
      },
      "Enums.NET": {
        "type": "Transitive",
        "resolved": "5.0.0",
        "contentHash": "NfGq1iLJZ15XZPgBhjk4Ns1XZ+beaGk6cog6B4LxcROdGoSMdgCJqYXF70P6VTd3dz/vFRY4h1u1lAMqW/DC2w=="
      },
      "ExtendedNumerics.BigDecimal": {
        "type": "Transitive",
        "resolved": "2025.1001.2.129",
        "contentHash": "+woGT1lsBtwkntOpx2EZbdbySv0aWPefE0vrfvclxVdbi4oa2bbtphFPWgMiQe+kRCPICbfFJwp6w1DuR7Ge2Q=="
      },
      "HarfBuzzSharp": {
        "type": "Transitive",
        "resolved": "8.3.1.1",
        "contentHash": "tLZN66oe/uiRPTZfrCU4i8ScVGwqHNh5MHrXj0yVf4l7Mz0FhTGnQ71RGySROTmdognAs0JtluHkL41pIabWuQ==",
        "dependencies": {
          "HarfBuzzSharp.NativeAssets.Win32": "8.3.1.1"
        }
      },
      "HarfBuzzSharp.NativeAssets.Win32": {
        "type": "Transitive",
        "resolved": "8.3.1.1",
        "contentHash": "UsJtQsfAJoFDZrXc4hCUfRPMqccfKZ0iumJ/upcUjz/cmsTgVFGNEL5yaJWmkqsuFYdMWbj/En5/kS4PFl9hBA=="
      },
      "LiveChartsCore": {
        "type": "Transitive",
        "resolved": "2.0.5",
        "contentHash": "cbGiOyGxO+fsWLvrQ4R6Rd8QHfkRGyhxyD6nBSk8/ZwKKtU+vWSqlC4ESgwKSUbrzvK8ooU/yfFJpjHXzPd+vA=="
      },
      "LiveChartsCore.SkiaSharpView": {
        "type": "Transitive",
        "resolved": "2.0.5",
        "contentHash": "YgRhisuVev2RocHqq7d9juSBGBlMLKYQA5ijEuD/sWeV39dCBInBK4RSfqBYTuNNWs5Fe+NA+F0TCIWJ2t1Cew==",
        "dependencies": {
          "LiveChartsCore": "2.0.5",
          "SkiaSharp": "2.88.9",
          "SkiaSharp.HarfBuzz": "2.88.9"
        }
      },
      "MathNet.Numerics.Signed": {
        "type": "Transitive",
        "resolved": "5.0.0",
        "contentHash": "PSrHBVMf41SjbhlnpOMnoir8YgkyEJ6/nwxvjYpH+vJCexNcx2ms6zRww5yLVqLet1xLJgZ39swtKRTLhWdnAw=="
      },
      "Microsoft.Data.Sqlite.Core": {
        "type": "Transitive",
        "resolved": "10.0.12",
        "contentHash": "2aL9eL5HQr0V4b8V909SD+jQAx6qnTTl7sT/v3D8dIvmr2UGdpZIQxqm1pj2Js3e4EYTvpw0oMH7DjapJJuPPw==",
        "dependencies": {
          "SQLitePCLRaw.core": "2.1.12"
        }
      },
      "Microsoft.IO.RecyclableMemoryStream": {
        "type": "Transitive",
        "resolved": "3.0.1",
        "contentHash": "s/s20YTVY9r9TPfTrN5g8zPF1YhwxyqO6PxUkrYTGI2B+OGPe9AdajWZrLhFqXIvqIW23fnUE4+ztrUWNU1+9g=="
      },
      "Microsoft.Xaml.Behaviors.Wpf": {
        "type": "Transitive",
        "resolved": "1.1.142",
        "contentHash": "c47wA/8GHiQ9w+O6+mdqrZhZrxHogx2/fSZyRKL9tz0k+ypoTiwOx6fID0X3jr5LnCazJbCk7KiAcL0zVnNgNA=="
      },
      "OpenTK": {
        "type": "Transitive",
        "resolved": "4.3.0",
        "contentHash": "w2oiuLDpZbSCyqzHEFFLTO6JMNadHWS6Pp68U68lfzdTrzTQQqyH7x+/PJidsk+wRSDopaH9e03/KzYB9Fs+7Q==",
        "dependencies": {
          "OpenTK.Compute": "4.3.0",
          "OpenTK.Core": "4.3.0",
          "OpenTK.Graphics": "4.3.0",
          "OpenTK.Input": "4.3.0",
          "OpenTK.Mathematics": "4.3.0",
          "OpenTK.OpenAL": "4.3.0",
          "OpenTK.Windowing.Common": "4.3.0",
          "OpenTK.Windowing.Desktop": "4.3.0",
          "OpenTK.Windowing.GraphicsLibraryFramework": "4.3.0"
        }
      },
      "OpenTK.Compute": {
        "type": "Transitive",
        "resolved": "4.3.0",
        "contentHash": "XrMVjBPp1PNuz7z7hdNyO2oBsAPZHcHzILs7ewtEP09CM1KPVwZDAsIjOjEJesLCWrNr+jm6+3TvHActYkk4lQ=="
      },
      "OpenTK.Core": {
        "type": "Transitive",
        "resolved": "4.3.0",
        "contentHash": "Hu+4U+tvnQW++y8Gj4OggLVuhclLm1hVN9ZIc3e9d8uo15CWYOSycw+FQhaRH3aibFv1vFYgH+bMIHM509YwYg=="
      },
      "OpenTK.GLWpfControl": {
        "type": "Transitive",
        "resolved": "4.2.3",
        "contentHash": "VIq15MqeMB42v7cuoPcbHAFzdlOcN5DZEhguuQVdvZP0NlfajjaoVDqtP3koOWLs1how2YqCaVk1qIvsuRdQqQ==",
        "dependencies": {
          "OpenTK": "[4.3.0, 5.0.0)"
        }
      },
      "OpenTK.Graphics": {
        "type": "Transitive",
        "resolved": "4.3.0",
        "contentHash": "N1XXKrX+op6ORxkRoLa8mb/rMQVTW4YsJraneyU0RKqZ04PeOwcnX6BFb+mJISZnbtk+3SyYlWLjSsQjDdFbRg==",
        "dependencies": {
          "OpenTK.Core": "[4.3.0, 4.4.0)",
          "OpenTK.Mathematics": "[4.3.0, 4.4.0)"
        }
      },
      "OpenTK.Input": {
        "type": "Transitive",
        "resolved": "4.3.0",
        "contentHash": "tvTQlC87bnNWN5BPOxCqSE2UJ6RKz/r342I25XBfeF/TNpw9Ad6upLdok8l8Nhess9LUItOPT6uBBdOlMEO0cA=="
      },
      "OpenTK.Mathematics": {
        "type": "Transitive",
        "resolved": "4.3.0",
        "contentHash": "3yiHBaEeV6OVu7La6961Jx7xoP7dJoZXcRJaDqqPrEmmIuwUx2i4AQI60UpGmcrMJ11QhicmW6zjb8aZYySYrw=="
      },
      "OpenTK.OpenAL": {
        "type": "Transitive",
        "resolved": "4.3.0",
        "contentHash": "zDzP8wsppS/5jwW8RUaac/bWOrZV5rB8Faejy5vLVE1ixWKclOEyO30ADOO3XZ+IWNKioX5wMhzKcy8kfsKKew==",
        "dependencies": {
          "OpenTK.Core": "[4.3.0, 4.4.0)",
          "OpenTK.Mathematics": "[4.3.0, 4.4.0)"
        }
      },
      "OpenTK.redist.glfw": {
        "type": "Transitive",
        "resolved": "3.3.0-pre20200830200122",
        "contentHash": "EKE9pJCFHScbqOv/t0zG1h5Eh24nWr44SXYnpYtAWDhJhzAoUoI8TwDRXGvTGhDeCBp8ONEaVsq9xRC+OQIxQA=="
      },
      "OpenTK.Windowing.Common": {
        "type": "Transitive",
        "resolved": "4.3.0",
        "contentHash": "HKKMHsv+eQrB3C3ySCcYS0yfKNZ/SM0v1upqBLEN5khs7IVPQ/wRwdR+OaPH/9v11pYtdNQL/XtkPVV0SC8jWA==",
        "dependencies": {
          "OpenTK.Core": "[4.3.0, 4.4.0)",
          "OpenTK.Mathematics": "[4.3.0, 4.4.0)"
        }
      },
      "OpenTK.Windowing.Desktop": {
        "type": "Transitive",
        "resolved": "4.3.0",
        "contentHash": "pomhIDKQGGLn+5jAWCUsxAcHLOwO4/43pmcXA2xVKRcrvRQgY0QCUcroQRDwGam+8SinRBSTa0PNVNbDxZhoRA==",
        "dependencies": {
          "OpenTK.Core": "[4.3.0, 4.4.0)",
          "OpenTK.Mathematics": "[4.3.0, 4.4.0)",
          "OpenTK.Windowing.Common": "[4.3.0, 4.4.0)",
          "OpenTK.Windowing.GraphicsLibraryFramework": "[4.3.0, 4.4.0)"
        }
      },
      "OpenTK.Windowing.GraphicsLibraryFramework": {
        "type": "Transitive",
        "resolved": "4.3.0",
        "contentHash": "R8H4ynmYUYuow/QNx4pnvPGR8Z6KUP54rVlnsH5tRkDYBU/m6bWmvFFvAA492rRyM5nt+6zAqGjv8GXY+8sylA==",
        "dependencies": {
          "OpenTK.Core": "[4.3.0, 4.4.0)",
          "OpenTK.redist.glfw": "[3.3.0-pre20200830200122, 3.4.0-pre)"
        }
      },
      "SharpZipLib": {
        "type": "Transitive",
        "resolved": "1.4.2",
        "contentHash": "yjj+3zgz8zgXpiiC3ZdF/iyTBbz2fFvMxZFEBPUcwZjIvXOf37Ylm+K58hqMfIBt5JgU/Z2uoUS67JmTLe973A=="
      },
      "SkiaSharp.HarfBuzz": {
        "type": "Transitive",
        "resolved": "3.119.0",
        "contentHash": "5ocGzl+RYEZFnUPUbModshnEFvKTku4hTtOBsLvy5MCK2KAHjq5Nw2+uAVUx79Rjh0z8fTojT6ZVav8MJgW0ug==",
        "dependencies": {
          "HarfBuzzSharp": "8.3.1.1",
          "SkiaSharp": "3.119.0"
        }
      },
      "SkiaSharp.NativeAssets.Linux.NoDependencies": {
        "type": "Transitive",
        "resolved": "3.119.4",
        "contentHash": "iFnpOfZoim2SwhSPy0EJNZtQAaWM7D0A6Q1YvquwOXUdQAFrSy81Tfb1I4c0IHrrQnoVjcZPcwOc1+VM2ja77w=="
      },
      "SkiaSharp.NativeAssets.Win32": {
        "type": "Transitive",
        "resolved": "3.119.4",
        "contentHash": "XOpbx/4CReO2wYsq2s6rbvdauc6dntG4Zv499sHGTJ87bwZaFXszFkwql3+FIZMc8kUPeaj3Mx2ezIJmo8a1Kg=="
      },
      "SkiaSharp.Views.Desktop.Common": {
        "type": "Transitive",
        "resolved": "3.119.0",
        "contentHash": "KST7Q3n+X5BhDj1aKTJXk9tITWWznveka9n+pBjOtE53Omc+wlZR0s4fQStybWCVVaWG9eaeOMaw93J3zEMklA==",
        "dependencies": {
          "SkiaSharp": "3.119.0"
        }
      },
      "SkiaSharp.Views.WPF": {
        "type": "Transitive",
        "resolved": "3.119.0",
        "contentHash": "1Dmj9RlBW/gvmJwSUER+N9plA/kcWOgiL5g3q2DB+USVQav8rQtfOZIQZ1Wt/AqhwepOacv1M6pZKDWtXmwDAg==",
        "dependencies": {
          "OpenTK": "4.3.0",
          "OpenTK.GLWpfControl": "4.2.3",
          "SkiaSharp": "3.119.0",
          "SkiaSharp.Views.Desktop.Common": "3.119.0"
        }
      },
      "SQLitePCLRaw.bundle_e_sqlite3": {
        "type": "Transitive",
        "resolved": "2.1.12",
        "contentHash": "mAgscpQMLw5/nfA1Q5oJVAT29yROUo1ifZGbbTpx/lwZpSxMUGoYbKfmvdm8oXER+RzxqBmmQzeBEVKfeHv2nw==",
        "dependencies": {
          "SQLitePCLRaw.lib.e_sqlite3": "2.1.12",
          "SQLitePCLRaw.provider.e_sqlite3": "2.1.12"
        }
      },
      "SQLitePCLRaw.core": {
        "type": "Transitive",
        "resolved": "2.1.12",
        "contentHash": "ETpNw9DY3ckWLgRRAeCHj+GKOuPi61aeczkXhgHexUvqoZBAYg8RYESE2J7O1M7+o6QbdSEZwrw9bfqztUVWXg=="
      },
      "SQLitePCLRaw.lib.e_sqlite3": {
        "type": "Transitive",
        "resolved": "2.1.12",
        "contentHash": "fWi8Dbknuhgg72fWinIdjXVaqO1hHL4YBBwVLnr7e1c9TAZwJ0QE38j9syW1hwx6HaqEVTwI+O07WPdZn8Rp0w=="
      },
      "SQLitePCLRaw.provider.e_sqlite3": {
        "type": "Transitive",
        "resolved": "2.1.12",
        "contentHash": "W3oH4XIfCzFrgUSDKHhN6N+dgzA5YHOR2VxX8GB6Qy7CyrJJgxPEG8NirgYWlPQC5P2jz2knSsexWu4tDUL33g==",
        "dependencies": {
          "SQLitePCLRaw.core": "2.1.12"
        }
      },
      "WPF-UI.Abstractions": {
        "type": "Transitive",
        "resolved": "4.3.0",
        "contentHash": "7Kj9DmCCo4SOCd1jAiw4+EcMFP2nR8rLLvitAYzVtzbWToTsodkbie24+8x9C4LDLxkopWEUGX62szqqNy7oeg=="
      },
      "ZString": {
        "type": "Transitive",
        "resolved": "2.6.0",
        "contentHash": "XE8a+11nZg0LRaf+RGABEWaHIf8yGd5w8v/Ra1iWxMBmAVzwuKbW7G21mS0U7w7sh1lYcgckInWGgnz4qyET8A=="
      },
      "crs.application": {
        "type": "Project",
        "dependencies": {
          "CRS.Domain": "[1.0.0, )"
        }
      },
      "crs.desktop.wpf": {
        "type": "Project",
        "dependencies": {
          "CRS.Application": "[1.0.0, )",
          "CRS.Infrastructure": "[1.0.0, )",
          "CommunityToolkit.Mvvm": "[8.4.2, )",
          "DataGridExtensions": "[2.9.1, )",
          "LiveChartsCore.SkiaSharpView.WPF": "[2.0.5, )",
          "WPF-UI": "[4.3.0, )"
        }
      },
      "crs.domain": {
        "type": "Project"
      },
      "crs.infrastructure": {
        "type": "Project",
        "dependencies": {
          "CRS.Application": "[1.0.0, )",
          "CRS.Domain": "[1.0.0, )",
          "Dapper": "[2.1.89, )",
          "Microsoft.Data.Sqlite": "[10.0.12, )",
          "NLog": "[6.2.1, )",
          "NPOI": "[2.8.1, )",
          "PdfPig": "[0.1.16, )",
          "SkiaSharp": "[3.119.4, )"
        }
      },
      "CommunityToolkit.Mvvm": {
        "type": "CentralTransitive",
        "requested": "[8.4.2, )",
        "resolved": "8.4.2",
        "contentHash": "WadCzGEc2U+3e20avRLng4qNtt4zoOGWrdUISqJWrHe3/FSnrYjuM5Sb4yQb09LhkBXrrI4Zt3dLKgRMbItsrg=="
      },
      "Dapper": {
        "type": "CentralTransitive",
        "requested": "[2.1.89, )",
        "resolved": "2.1.89",
        "contentHash": "1VjFE664wnxvuhlgP8kS4PeFFF4jqD3VkbIHW6Zlc52zuibgcz5ICnIHcQXlTp6pURpPNGLV0ZpNe5x9KePJnA=="
      },
      "DataGridExtensions": {
        "type": "CentralTransitive",
        "requested": "[2.9.1, )",
        "resolved": "2.9.1",
        "contentHash": "9nBc1Sm7DwFloQx5PfUhhwNBPFbaBdipm5Inrry0vGy7ZmZK/yNViG5gtwWz081P6E6EAdjA2DoDt59ygN/4fg==",
        "dependencies": {
          "Microsoft.Xaml.Behaviors.Wpf": "1.1.142"
        }
      },
      "LiveChartsCore.SkiaSharpView.WPF": {
        "type": "CentralTransitive",
        "requested": "[2.0.5, )",
        "resolved": "2.0.5",
        "contentHash": "CffAGQ6VjBAfmrLJ0/dUGNR9hZDhEfw4Z9JSTUVjc+vRQBYI+i/AmJuN2BMGI1pDI2n9y1cLSk5vAnuuF8V/qw==",
        "dependencies": {
          "LiveChartsCore.SkiaSharpView": "2.0.5",
          "SkiaSharp.HarfBuzz": "3.119.0",
          "SkiaSharp.Views.WPF": "3.119.0"
        }
      },
      "Microsoft.Data.Sqlite": {
        "type": "CentralTransitive",
        "requested": "[10.0.12, )",
        "resolved": "10.0.12",
        "contentHash": "xUq9xUc653ue7ac2rMfCaf8UQN+U3zS8poWYlugycpvJllplMM0Mk7v/+MM0CTlu9zGvbGML4BPH8YWhrUOfGw==",
        "dependencies": {
          "Microsoft.Data.Sqlite.Core": "10.0.12",
          "SQLitePCLRaw.bundle_e_sqlite3": "2.1.12",
          "SQLitePCLRaw.core": "2.1.12"
        }
      },
      "NLog": {
        "type": "CentralTransitive",
        "requested": "[6.2.1, )",
        "resolved": "6.2.1",
        "contentHash": "fTGNuJyzkgDc1TBEGXF+FMT4b6kB7gygkSN3dLei2Ziiwx/rugXA+OyyFWZ60P1G/+SzzSKiWHlQ4OklC8AgRg=="
      },
      "NPOI": {
        "type": "CentralTransitive",
        "requested": "[2.8.1, )",
        "resolved": "2.8.1",
        "contentHash": "0Zxx/o+Qc0UkQqcpnzFuDWBfIsX5PO3WKbQopCQMB+8He80EHBR/1OItn/2J7RZLkqYeDqYto/rppxPJKrJBmQ==",
        "dependencies": {
          "BouncyCastle.Cryptography": "2.6.2",
          "Enums.NET": "5.0.0",
          "ExtendedNumerics.BigDecimal": "2025.1001.2.129",
          "MathNet.Numerics.Signed": "5.0.0",
          "Microsoft.IO.RecyclableMemoryStream": "3.0.1",
          "SharpZipLib": "1.4.2",
          "SkiaSharp": "3.119.4",
          "SkiaSharp.NativeAssets.Linux.NoDependencies": "3.119.4",
          "ZString": "2.6.0"
        }
      },
      "PdfPig": {
        "type": "CentralTransitive",
        "requested": "[0.1.16, )",
        "resolved": "0.1.16",
        "contentHash": "qQcbsNMYVY+K5ELptax2S8thNMk0+rSQq3H/KdYj3LLcko8yTCz8y5KIvsKxIyAuTN0ZYNnfsZkM+0EvxTwHVA=="
      },
      "SkiaSharp": {
        "type": "CentralTransitive",
        "requested": "[3.119.4, )",
        "resolved": "3.119.4",
        "contentHash": "53NOSUZ1Us+91Sm0uCkIivh/k7jOowRErZT2sIWwPFN9mLUvdxnE6rS4sWo4255+Rd2MWUSF+j0NMZHD6Cke+Q==",
        "dependencies": {
          "SkiaSharp.NativeAssets.Win32": "3.119.4"
        }
      },
      "WPF-UI": {
        "type": "CentralTransitive",
        "requested": "[4.3.0, )",
        "resolved": "4.3.0",
        "contentHash": "SIHhc8lIrhEQ/1cLFZN6Dtf8cqsLm4myBULj9obnacd9TyDs2vizhKYzRzTlcPEcnzb3L4EstvPN3M6kcXbJCA==",
        "dependencies": {
          "WPF-UI.Abstractions": "4.3.0"
        }
      }
    }
  }
}